Microsoft Visual Studio Solution File, Format Version 12.00
# Visual Studio 2012
Project("{FAE04EC0-301F-11D3-BF4B-00C04F79EFBC}") = "PlanetTest", "PlanetTest.csproj", "{ECA447BC-4653-402E-B24A-38650CD89479}"
EndProject
Global
	GlobalSection(SolutionConfigurationPlatforms) = preSolution
	Debug|Any CPU = Debug|Any CPU
	ExportDebug|Any CPU = ExportDebug|Any CPU
	ExportRelease|Any CPU = ExportRelease|Any CPU
	EndGlobalSection
	GlobalSection(ProjectConfigurationPlatforms) = postSolution
		{ECA447BC-4653-402E-B24A-38650CD89479}.Debug|Any CPU.ActiveCfg = Debug|Any CPU
		{ECA447BC-4653-402E-B24A-38650CD89479}.Debug|Any CPU.Build.0 = Debug|Any CPU
		{ECA447BC-4653-402E-B24A-38650CD89479}.ExportDebug|Any CPU.ActiveCfg = ExportDebug|Any CPU
		{ECA447BC-4653-402E-B24A-38650CD89479}.ExportDebug|Any CPU.Build.0 = ExportDebug|Any CPU
		{ECA447BC-4653-402E-B24A-38650CD89479}.ExportRelease|Any CPU.ActiveCfg = ExportRelease|Any CPU
		{ECA447BC-4653-402E-B24A-38650CD89479}.ExportRelease|Any CPU.Build.0 = ExportRelease|Any CPU
	EndGlobalSection
EndGlobal
